// !$*UTF8*$!
{
	archiveVersion = 1;
	classes = {
	};
	objectVersion = 46;
	objects = {

/* Begin PBXBuildFile section */
		57FC50BD408C25F2FA754EBE /* Pods_SkateSpots.framework in Frameworks */ = {isa = PBXBuildFile; fileRef = 7F138B80A80EA608D62D712B /* Pods_SkateSpots.framework */; };
		C4128C3A1F0EAF290058628D /* RoundTextField.swift in Sources */ = {isa = PBXBuildFile; fileRef = C4128C391F0EAF290058628D /* RoundTextField.swift */; };
		C4128C3C1F0EBA690058628D /* RoundedButton.swift in Sources */ = {isa = PBXBuildFile; fileRef = C4128C3B1F0EBA690058628D /* RoundedButton.swift */; };
		C4128C3E1F0EC0270058628D /* GoogleService-Info.plist in Resources */ = {isa = PBXBuildFile; fileRef = C4128C3D1F0EC0270058628D /* GoogleService-Info.plist */; };
		C416405F1F36927000BF244C /* EdgeShadowLayer.swift in Sources */ = {isa = PBXBuildFile; fileRef = C416405E1F36927000BF244C /* EdgeShadowLayer.swift */; };
		C41D8B271F0ECB12009C174C /* LogInVC.swift in Sources */ = {isa = PBXBuildFile; fileRef = C41D8B261F0ECB12009C174C /* LogInVC.swift */; };
		C41D8B2A1F0ED23A009C174C /* AuthService.swift in Sources */ = {isa = PBXBuildFile; fileRef = C41D8B291F0ED23A009C174C /* AuthService.swift */; };
		C41D8B2C1F0EE3F8009C174C /* DataService.swift in Sources */ = {isa = PBXBuildFile; fileRef = C41D8B2B1F0EE3F8009C174C /* DataService.swift */; };
		C41D8B311F0F38E0009C174C /* Spot.swift in Sources */ = {isa = PBXBuildFile; fileRef = C41D8B301F0F38E0009C174C /* Spot.swift */; };
		C41D8B351F11431C009C174C /* SpotVC.swift in Sources */ = {isa = PBXBuildFile; fileRef = C41D8B341F11431C009C174C /* SpotVC.swift */; };
		C4433E6A1F1FB82600B00002 /* MapVC.swift in Sources */ = {isa = PBXBuildFile; fileRef = C4433E691F1FB82600B00002 /* MapVC.swift */; };
		C4433E6C1F1FBC5200B00002 /* SpotPin.swift in Sources */ = {isa = PBXBuildFile; fileRef = C4433E6B1F1FBC5200B00002 /* SpotPin.swift */; };
		C4B0C5491F0D7B78004B6923 /* AppDelegate.swift in Sources */ = {isa = PBXBuildFile; fileRef = C4B0C5481F0D7B78004B6923 /* AppDelegate.swift */; };
		C4B0C54B1F0D7B78004B6923 /* FeedVC.swift in Sources */ = {isa = PBXBuildFile; fileRef = C4B0C54A1F0D7B78004B6923 /* FeedVC.swift */; };
		C4B0C54E1F0D7B78004B6923 /* Main.storyboard in Resources */ = {isa = PBXBuildFile; fileRef = C4B0C54C1F0D7B78004B6923 /* Main.storyboard */; };
		C4B0C5501F0D7B78004B6923 /* Assets.xcassets in Resources */ = {isa = PBXBuildFile; fileRef = C4B0C54F1F0D7B78004B6923 /* Assets.xcassets */; };
		C4B0C5531F0D7B78004B6923 /* LaunchScreen.storyboard in Resources */ = {isa = PBXBuildFile; fileRef = C4B0C5511F0D7B78004B6923 /* LaunchScreen.storyboard */; };
		C4B46CEE1F2F948A007D3206 /* CommentCell.swift in Sources */ = {isa = PBXBuildFile; fileRef = C4B46CED1F2F948A007D3206 /* CommentCell.swift */; };
		C4B46CF01F2F9ACE007D3206 /* Comment.swift in Sources */ = {isa = PBXBuildFile; fileRef = C4B46CEF1F2F9ACE007D3206 /* Comment.swift */; };
		C4CE59131F241A0F00180BA5 /* DetailVC.swift in Sources */ = {isa = PBXBuildFile; fileRef = C4CE59121F241A0F00180BA5 /* DetailVC.swift */; };
		C4CE59151F24497800180BA5 /* DetailPhotoCell.swift in Sources */ = {isa = PBXBuildFile; fileRef = C4CE59141F24497800180BA5 /* DetailPhotoCell.swift */; };
		C4CE59191F28314A00180BA5 /* Constants.swift in Sources */ = {isa = PBXBuildFile; fileRef = C4CE59181F28314A00180BA5 /* Constants.swift */; };
		C4CE591C1F28663500180BA5 /* CircleView.swift in Sources */ = {isa = PBXBuildFile; fileRef = C4CE591B1F28663500180BA5 /* CircleView.swift */; };
		C4CE591E1F2A645900180BA5 /* User.swift in Sources */ = {isa = PBXBuildFile; fileRef = C4CE591D1F2A645900180BA5 /* User.swift */; };
		C4E36FD21F1A7F23000ABF4D /* SpotRow.swift in Sources */ = {isa = PBXBuildFile; fileRef = C4E36FD11F1A7F23000ABF4D /* SpotRow.swift */; };
		C4E36FD61F1ACA44000ABF4D /* SpotPhotoCell.swift in Sources */ = {isa = PBXBuildFile; fileRef = C4E36FD51F1ACA44000ABF4D /* SpotPhotoCell.swift */; };
/* End PBXBuildFile section */

/* Begin PBXFileReference section */
		0638FB33C27D2FF7EC9E4E6A /* Pods-SkateSpots.release.xcconfig */ = {isa = PBXFileReference; includeInIndex = 1; lastKnownFileType = text.xcconfig; name = "Pods-SkateSpots.release.xcconfig"; path = "Pods/Target Support Files/Pods-SkateSpots/Pods-SkateSpots.release.xcconfig"; sourceTree = "<group>"; };
		4A13BA0450BDBFA9B9E60769 /* Pods-SkateSpots.debug.xcconfig */ = {isa = PBXFileReference; includeInIndex = 1; lastKnownFileType = text.xcconfig; name = "Pods-SkateSpots.debug.xcconfig"; path = "Pods/Target Support Files/Pods-SkateSpots/Pods-SkateSpots.debug.xcconfig"; sourceTree = "<group>"; };
		7F138B80A80EA608D62D712B /* Pods_SkateSpots.framework */ = {isa = PBXFileReference; explicitFileType = wrapper.framework; includeInIndex = 0; path = Pods_SkateSpots.framework; sourceTree = BUILT_PRODUCTS_DIR; };
		C4128C391F0EAF290058628D /* RoundTextField.swift */ = {isa = PBXFileReference; fileEncoding = 4; lastKnownFileType = sourcecode.swift; path = RoundTextField.swift; sourceTree = "<group>"; };
		C4128C3B1F0EBA690058628D /* RoundedButton.swift */ = {isa = PBXFileReference; fileEncoding = 4; lastKnownFileType = sourcecode.swift; path = RoundedButton.swift; sourceTree = "<group>"; };
		C4128C3D1F0EC0270058628D /* GoogleService-Info.plist */ = {isa = PBXFileReference; fileEncoding = 4; lastKnownFileType = text.plist.xml; path = "GoogleService-Info.plist"; sourceTree = "<group>"; };
		C416405E1F36927000BF244C /* EdgeShadowLayer.swift */ = {isa = PBXFileReference; fileEncoding = 4; lastKnownFileType = sourcecode.swift; path = EdgeShadowLayer.swift; sourceTree = "<group>"; };
		C41D8B261F0ECB12009C174C /* LogInVC.swift */ = {isa = PBXFileReference; fileEncoding = 4; lastKnownFileType = sourcecode.swift; path = LogInVC.swift; sourceTree = "<group>"; };
		C41D8B291F0ED23A009C174C /* AuthService.swift */ = {isa = PBXFileReference; fileEncoding = 4; lastKnownFileType = sourcecode.swift; path = AuthService.swift; sourceTree = "<group>"; };
		C41D8B2B1F0EE3F8009C174C /* DataService.swift */ = {isa = PBXFileReference; fileEncoding = 4; lastKnownFileType = sourcecode.swift; path = DataService.swift; sourceTree = "<group>"; };
		C41D8B301F0F38E0009C174C /* Spot.swift */ = {isa = PBXFileReference; fileEncoding = 4; lastKnownFileType = sourcecode.swift; path = Spot.swift; sourceTree = "<group>"; };
		C41D8B341F11431C009C174C /* SpotVC.swift */ = {isa = PBXFileReference; fileEncoding = 4; lastKnownFileType = sourcecode.swift; path = SpotVC.swift; sourceTree = "<group>"; };
		C4433E691F1FB82600B00002 /* MapVC.swift */ = {isa = PBXFileReference; fileEncoding = 4; lastKnownFileType = sourcecode.swift; path = MapVC.swift; sourceTree = "<group>"; };
		C4433E6B1F1FBC5200B00002 /* SpotPin.swift */ = {isa = PBXFileReference; fileEncoding = 4; lastKnownFileType = sourcecode.swift; path = SpotPin.swift; sourceTree = "<group>"; };
		C4B0C5451F0D7B78004B6923 /* SkateSpots.app */ = {isa = PBXFileReference; explicitFileType = wrapper.application; includeInIndex = 0; path = SkateSpots.app; sourceTree = BUILT_PRODUCTS_DIR; };
		C4B0C5481F0D7B78004B6923 /* AppDelegate.swift */ = {isa = PBXFileReference; lastKnownFileType = sourcecode.swift; path = AppDelegate.swift; sourceTree = "<group>"; };
		C4B0C54A1F0D7B78004B6923 /* FeedVC.swift */ = {isa = PBXFileReference; lastKnownFileType = sourcecode.swift; path = FeedVC.swift; sourceTree = "<group>"; };
		C4B0C54D1F0D7B78004B6923 /* Base */ = {isa = PBXFileReference; lastKnownFileType = file.storyboard; name = Base; path = Base.lproj/Main.storyboard; sourceTree = "<group>"; };
		C4B0C54F1F0D7B78004B6923 /* Assets.xcassets */ = {isa = PBXFileReference; lastKnownFileType = folder.assetcatalog; path = Assets.xcassets; sourceTree = "<group>"; };
		C4B0C5521F0D7B78004B6923 /* Base */ = {isa = PBXFileReference; lastKnownFileType = file.storyboard; name = Base; path = Base.lproj/LaunchScreen.storyboard; sourceTree = "<group>"; };
		C4B0C5541F0D7B78004B6923 /* Info.plist */ = {isa = PBXFileReference; lastKnownFileType = text.plist.xml; path = Info.plist; sourceTree = "<group>"; };
		C4B46CED1F2F948A007D3206 /* CommentCell.swift */ = {isa = PBXFileReference; fileEncoding = 4; lastKnownFileType = sourcecode.swift; path = CommentCell.swift; sourceTree = "<group>"; };
		C4B46CEF1F2F9ACE007D3206 /* Comment.swift */ = {isa = PBXFileReference; fileEncoding = 4; lastKnownFileType = sourcecode.swift; path = Comment.swift; sourceTree = "<group>"; };
		C4CE59121F241A0F00180BA5 /* DetailVC.swift */ = {isa = PBXFileReference; fileEncoding = 4; lastKnownFileType = sourcecode.swift; path = DetailVC.swift; sourceTree = "<group>"; };
		C4CE59141F24497800180BA5 /* DetailPhotoCell.swift */ = {isa = PBXFileReference; fileEncoding = 4; lastKnownFileType = sourcecode.swift; path = DetailPhotoCell.swift; sourceTree = "<group>"; };
		C4CE59181F28314A00180BA5 /* Constants.swift */ = {isa = PBXFileReference; fileEncoding = 4; lastKnownFileType = sourcecode.swift; path = Constants.swift; sourceTree = "<group>"; };
		C4CE591A1F28385A00180BA5 /* SkateSpots.entitlements */ = {isa = PBXFileReference; lastKnownFileType = text.plist.entitlements; path = SkateSpots.entitlements; sourceTree = "<group>"; };
		C4CE591B1F28663500180BA5 /* CircleView.swift */ = {isa = PBXFileReference; fileEncoding = 4; lastKnownFileType = sourcecode.swift; path = CircleView.swift; sourceTree = "<group>"; };
		C4CE591D1F2A645900180BA5 /* User.swift */ = {isa = PBXFileReference; fileEncoding = 4; lastKnownFileType = sourcecode.swift; path = User.swift; sourceTree = "<group>"; };
		C4E36FD11F1A7F23000ABF4D /* SpotRow.swift */ = {isa = PBXFileReference; fileEncoding = 4; lastKnownFileType = sourcecode.swift; name = SpotRow.swift; path = ../SpotRow.swift; sourceTree = "<group>"; };
		C4E36FD51F1ACA44000ABF4D /* SpotPhotoCell.swift */ = {isa = PBXFileReference; fileEncoding = 4; lastKnownFileType = sourcecode.swift; path = SpotPhotoCell.swift; sourceTree = "<group>"; };
/* End PBXFileReference section */

/* Begin PBXFrameworksBuildPhase section */
		C4B0C5421F0D7B78004B6923 /* Frameworks */ = {
			isa = PBXFrameworksBuildPhase;
			buildActionMask = 2147483647;
			files = (
				57FC50BD408C25F2FA754EBE /* Pods_SkateSpots.framework in Frameworks */,
			);
			runOnlyForDeploymentPostprocessing = 0;
		};
/* End PBXFrameworksBuildPhase section */

/* Begin PBXGroup section */
		159A3B3B7AF9BF2A3864AAF5 /* Frameworks */ = {
			isa = PBXGroup;
			children = (
				7F138B80A80EA608D62D712B /* Pods_SkateSpots.framework */,
			);
			name = Frameworks;
			sourceTree = "<group>";
		};
		6F7E4E1EC99782C1AD6E42E9 /* Pods */ = {
			isa = PBXGroup;
			children = (
				4A13BA0450BDBFA9B9E60769 /* Pods-SkateSpots.debug.xcconfig */,
				0638FB33C27D2FF7EC9E4E6A /* Pods-SkateSpots.release.xcconfig */,
			);
			name = Pods;
			sourceTree = "<group>";
		};
		C4128C381F0EAF110058628D /* View */ = {
			isa = PBXGroup;
			children = (
				C4E36FD11F1A7F23000ABF4D /* SpotRow.swift */,
				C4E36FD51F1ACA44000ABF4D /* SpotPhotoCell.swift */,
				C4CE59141F24497800180BA5 /* DetailPhotoCell.swift */,
				C4B46CED1F2F948A007D3206 /* CommentCell.swift */,
				C4128C391F0EAF290058628D /* RoundTextField.swift */,
				C4128C3B1F0EBA690058628D /* RoundedButton.swift */,
				C4CE591B1F28663500180BA5 /* CircleView.swift */,
				C416405E1F36927000BF244C /* EdgeShadowLayer.swift */,
			);
			name = View;
			sourceTree = "<group>";
		};
		C41D8B251F0ECAF5009C174C /* Controller */ = {
			isa = PBXGroup;
			children = (
				C41D8B261F0ECB12009C174C /* LogInVC.swift */,
				C4B0C54A1F0D7B78004B6923 /* FeedVC.swift */,
				C41D8B341F11431C009C174C /* SpotVC.swift */,
				C4433E691F1FB82600B00002 /* MapVC.swift */,
				C4CE59121F241A0F00180BA5 /* DetailVC.swift */,
			);
			name = Controller;
			sourceTree = "<group>";
		};
		C41D8B281F0ED205009C174C /* Services */ = {
			isa = PBXGroup;
			children = (
				C41D8B291F0ED23A009C174C /* AuthService.swift */,
				C41D8B2B1F0EE3F8009C174C /* DataService.swift */,
			);
			name = Services;
			sourceTree = "<group>";
		};
		C41D8B2F1F0F38C2009C174C /* Model */ = {
			isa = PBXGroup;
			children = (
				C41D8B301F0F38E0009C174C /* Spot.swift */,
				C4CE591D1F2A645900180BA5 /* User.swift */,
				C4B46CEF1F2F9ACE007D3206 /* Comment.swift */,
				C4433E6B1F1FBC5200B00002 /* SpotPin.swift */,
			);
			name = Model;
			sourceTree = "<group>";
		};
		C4B0C53C1F0D7B78004B6923 = {
			isa = PBXGroup;
			children = (
				C4B0C5471F0D7B78004B6923 /* SkateSpots */,
				C4B0C5461F0D7B78004B6923 /* Products */,
				6F7E4E1EC99782C1AD6E42E9 /* Pods */,
				159A3B3B7AF9BF2A3864AAF5 /* Frameworks */,
			);
			sourceTree = "<group>";
		};
		C4B0C5461F0D7B78004B6923 /* Products */ = {
			isa = PBXGroup;
			children = (
				C4B0C5451F0D7B78004B6923 /* SkateSpots.app */,
			);
			name = Products;
			sourceTree = "<group>";
		};
		C4B0C5471F0D7B78004B6923 /* SkateSpots */ = {
			isa = PBXGroup;
			children = (
				C4CE591A1F28385A00180BA5 /* SkateSpots.entitlements */,
				C4B0C5481F0D7B78004B6923 /* AppDelegate.swift */,
				C41D8B2F1F0F38C2009C174C /* Model */,
				C41D8B281F0ED205009C174C /* Services */,
				C41D8B251F0ECAF5009C174C /* Controller */,
				C4128C381F0EAF110058628D /* View */,
				C4B0C5541F0D7B78004B6923 /* Info.plist */,
				C4128C3D1F0EC0270058628D /* GoogleService-Info.plist */,
				C4B0C54C1F0D7B78004B6923 /* Main.storyboard */,
				C4B0C5511F0D7B78004B6923 /* LaunchScreen.storyboard */,
				C4B0C54F1F0D7B78004B6923 /* Assets.xcassets */,
				C4CE59181F28314A00180BA5 /* Constants.swift */,
			);
			path = SkateSpots;
			sourceTree = "<group>";
		};
/* End PBXGroup section */

/* Begin PBXNativeTarget section */
		C4B0C5441F0D7B78004B6923 /* SkateSpots */ = {
			isa = PBXNativeTarget;
			buildConfigurationList = C4B0C5571F0D7B78004B6923 /* Build configuration list for PBXNativeTarget "SkateSpots" */;
			buildPhases = (
				86AB6C8DEEDBC3E62F060450 /* [CP] Check Pods Manifest.lock */,
				C4B0C5411F0D7B78004B6923 /* Sources */,
				C4B0C5421F0D7B78004B6923 /* Frameworks */,
				C4B0C5431F0D7B78004B6923 /* Resources */,
				81D0E3933C638DB90F79958D /* [CP] Embed Pods Frameworks */,
				E2D61673B92761ECFA2A8205 /* [CP] Copy Pods Resources */,
			);
			buildRules = (
			);
			dependencies = (
			);
			name = SkateSpots;
			productName = SkateSpots;
			productReference = C4B0C5451F0D7B78004B6923 /* SkateSpots.app */;
			productType = "com.apple.product-type.application";
		};
/* End PBXNativeTarget section */

/* Begin PBXProject section */
		C4B0C53D1F0D7B78004B6923 /* Project object */ = {
			isa = PBXProject;
			attributes = {
				LastSwiftUpdateCheck = 0810;
				LastUpgradeCheck = 0810;
				ORGANIZATIONNAME = "Michael Alexander";
				TargetAttributes = {
					C4B0C5441F0D7B78004B6923 = {
						CreatedOnToolsVersion = 8.1;
						DevelopmentTeam = Q9BD9AV679;
						ProvisioningStyle = Automatic;
						SystemCapabilities = {
							com.apple.Keychain = {
								enabled = 1;
							};
						};
					};
				};
			};
			buildConfigurationList = C4B0C5401F0D7B78004B6923 /* Build configuration list for PBXProject "SkateSpots" */;
			compatibilityVersion = "Xcode 3.2";
			developmentRegion = English;
			hasScannedForEncodings = 0;
			knownRegions = (
				en,
				Base,
			);
			mainGroup = C4B0C53C1F0D7B78004B6923;
			productRefGroup = C4B0C5461F0D7B78004B6923 /* Products */;
			projectDirPath = "";
			projectRoot = "";
			targets = (
				C4B0C5441F0D7B78004B6923 /* SkateSpots */,
			);
		};
/* End PBXProject section */

/* Begin PBXResourcesBuildPhase section */
		C4B0C5431F0D7B78004B6923 /* Resources */ = {
			isa = PBXResourcesBuildPhase;
			buildActionMask = 2147483647;
			files = (
				C4B0C5531F0D7B78004B6923 /* LaunchScreen.storyboard in Resources */,
				C4128C3E1F0EC0270058628D /* GoogleService-Info.plist in Resources */,
				C4B0C5501F0D7B78004B6923 /* Assets.xcassets in Resources */,
				C4B0C54E1F0D7B78004B6923 /* Main.storyboard in Resources */,
			);
			runOnlyForDeploymentPostprocessing = 0;
		};
/* End PBXResourcesBuildPhase section */

/* Begin PBXShellScriptBuildPhase section */
		81D0E3933C638DB90F79958D /* [CP] Embed Pods Frameworks */ = {
			isa = PBXShellScriptBuildPhase;
			buildActionMask = 2147483647;
			files = (
			);
			inputPaths = (
			);
			name = "[CP] Embed Pods Frameworks";
			outputPaths = (
			);
			runOnlyForDeploymentPostprocessing = 0;
			shellPath = /bin/sh;
			shellScript = "\"${SRCROOT}/Pods/Target Support Files/Pods-SkateSpots/Pods-SkateSpots-frameworks.sh\"\n";
			showEnvVarsInLog = 0;
		};
		86AB6C8DEEDBC3E62F060450 /* [CP] Check Pods Manifest.lock */ = {
			isa = PBXShellScriptBuildPhase;
			buildActionMask = 2147483647;
			files = (
			);
			inputPaths = (
			);
			name = "[CP] Check Pods Manifest.lock";
			outputPaths = (
			);
			runOnlyForDeploymentPostprocessing = 0;
			shellPath = /bin/sh;
			shellScript = "diff \"${PODS_ROOT}/../Podfile.lock\" \"${PODS_ROOT}/Manifest.lock\" > /dev/null\nif [ $? != 0 ] ; then\n    # print error to STDERR\n    echo \"error: The sandbox is not in sync with the Podfile.lock. Run 'pod install' or update your CocoaPods installation.\" >&2\n    exit 1\nfi\n";
			showEnvVarsInLog = 0;
		};
		E2D61673B92761ECFA2A8205 /* [CP] Copy Pods Resources */ = {
			isa = PBXShellScriptBuildPhase;
			buildActionMask = 2147483647;
			files = (
			);
			inputPaths = (
			);
			name = "[CP] Copy Pods Resources";
			outputPaths = (
			);
			runOnlyForDeploymentPostprocessing = 0;
			shellPath = /bin/sh;
			shellScript = "\"${SRCROOT}/Pods/Target Support Files/Pods-SkateSpots/Pods-SkateSpots-resources.sh\"\n";
			showEnvVarsInLog = 0;
		};
/* End PBXShellScriptBuildPhase section */

/* Begin PBXSourcesBuildPhase section */
		C4B0C5411F0D7B78004B6923 /* Sources */ = {
			isa = PBXSourcesBuildPhase;
			buildActionMask = 2147483647;
			files = (
				C4B46CEE1F2F948A007D3206 /* CommentCell.swift in Sources */,
				C4B0C54B1F0D7B78004B6923 /* FeedVC.swift in Sources */,
				C41D8B2C1F0EE3F8009C174C /* DataService.swift in Sources */,
				C4433E6A1F1FB82600B00002 /* MapVC.swift in Sources */,
				C41D8B351F11431C009C174C /* SpotVC.swift in Sources */,
				C4128C3A1F0EAF290058628D /* RoundTextField.swift in Sources */,
				C4B0C5491F0D7B78004B6923 /* AppDelegate.swift in Sources */,
				C41D8B2A1F0ED23A009C174C /* AuthService.swift in Sources */,
				C4CE59191F28314A00180BA5 /* Constants.swift in Sources */,
				C4433E6C1F1FBC5200B00002 /* SpotPin.swift in Sources */,
				C4E36FD21F1A7F23000ABF4D /* SpotRow.swift in Sources */,
				C41D8B271F0ECB12009C174C /* LogInVC.swift in Sources */,
				C4CE591C1F28663500180BA5 /* CircleView.swift in Sources */,
				C416405F1F36927000BF244C /* EdgeShadowLayer.swift in Sources */,
				C41D8B311F0F38E0009C174C /* Spot.swift in Sources */,
				C4CE59151F24497800180BA5 /* DetailPhotoCell.swift in Sources */,
				C4B46CF01F2F9ACE007D3206 /* Comment.swift in Sources */,
				C4CE591E1F2A645900180BA5 /* User.swift in Sources */,
				C4E36FD61F1ACA44000ABF4D /* SpotPhotoCell.swift in Sources */,
				C4128C3C1F0EBA690058628D /* RoundedButton.swift in Sources */,
				C4CE59131F241A0F00180BA5 /* DetailVC.swift in Sources */,
			);
			runOnlyForDeploymentPostprocessing = 0;
		};
/* End PBXSourcesBuildPhase section */

/* Begin PBXVariantGroup section */
		C4B0C54C1F0D7B78004B6923 /* Main.storyboard */ = {
			isa = PBXVariantGroup;
			children = (
				C4B0C54D1F0D7B78004B6923 /* Base */,
			);
			name = Main.storyboard;
			sourceTree = "<group>";
		};
		C4B0C5511F0D7B78004B6923 /* LaunchScreen.storyboard */ = {
			isa = PBXVariantGroup;
			children = (
				C4B0C5521F0D7B78004B6923 /* Base */,
			);
			name = LaunchScreen.storyboard;
			sourceTree = "<group>";
		};
/* End PBXVariantGroup section */

/* Begin XCBuildConfiguration section */
		C4B0C5551F0D7B78004B6923 /* Debug */ = {
			isa = XCBuildConfiguration;
			buildSettings = {
				ALWAYS_SEARCH_USER_PATHS = NO;
				CLANG_ANALYZER_NONNULL = YES;
				CLANG_CXX_LANGUAGE_STANDARD = "gnu++0x";
				CLANG_CXX_LIBRARY = "libc++";
				CLANG_ENABLE_MODULES = YES;
				CLANG_ENABLE_OBJC_ARC = YES;
				CLANG_WARN_BOOL_CONVERSION = YES;
				CLANG_WARN_CONSTANT_CONVERSION = YES;
				CLANG_WARN_DIRECT_OBJC_ISA_USAGE = YES_ERROR;
				CLANG_WARN_DOCUMENTATION_COMMENTS = YES;
				CLANG_WARN_EMPTY_BODY = YES;
				CLANG_WARN_ENUM_CONVERSION = YES;
				CLANG_WARN_INFINITE_RECURSION = YES;
				CLANG_WARN_INT_CONVERSION = YES;
				CLANG_WARN_OBJC_ROOT_CLASS = YES_ERROR;
				CLANG_WARN_SUSPICIOUS_MOVE = YES;
				CLANG_WARN_SUSPICIOUS_MOVES = YES;
				CLANG_WARN_UNREACHABLE_CODE = YES;
				CLANG_WARN__DUPLICATE_METHOD_MATCH = YES;
				"CODE_SIGN_IDENTITY[sdk=iphoneos*]" = "iPhone Developer";
				COPY_PHASE_STRIP = NO;
				DEBUG_INFORMATION_FORMAT = dwarf;
				ENABLE_STRICT_OBJC_MSGSEND = YES;
				ENABLE_TESTABILITY = YES;
				GCC_C_LANGUAGE_STANDARD = gnu99;
				GCC_DYNAMIC_NO_PIC = NO;
				GCC_NO_COMMON_BLOCKS = YES;
				GCC_OPTIMIZATION_LEVEL = 0;
				GCC_PREPROCESSOR_DEFINITIONS = (
					"DEBUG=1",
					"$(inherited)",
				);
				GCC_WARN_64_TO_32_BIT_CONVERSION = YES;
				GCC_WARN_ABOUT_RETURN_TYPE = YES_ERROR;
				GCC_WARN_UNDECLARED_SELECTOR = YES;
				GCC_WARN_UNINITIALIZED_AUTOS = YES_AGGRESSIVE;
				GCC_WARN_UNUSED_FUNCTION = YES;
				GCC_WARN_UNUSED_VARIABLE = YES;
				IPHONEOS_DEPLOYMENT_TARGET = 10.1;
				MTL_ENABLE_DEBUG_INFO = YES;
				ONLY_ACTIVE_ARCH = YES;
				SDKROOT = iphoneos;
				SWIFT_ACTIVE_COMPILATION_CONDITIONS = DEBUG;
				SWIFT_OPTIMIZATION_LEVEL = "-Onone";
			};
			name = Debug;
		};
		C4B0C5561F0D7B78004B6923 /* Release */ = {
			isa = XCBuildConfiguration;
			buildSettings = {
				ALWAYS_SEARCH_USER_PATHS = NO;
				CLANG_ANALYZER_NONNULL = YES;
				CLANG_CXX_LANGUAGE_STANDARD = "gnu++0x";
				CLANG_CXX_LIBRARY = "libc++";
				CLANG_ENABLE_MODULES = YES;
				CLANG_ENABLE_OBJC_ARC = YES;
				CLANG_WARN_BOOL_CONVERSION = YES;
				CLANG_WARN_CONSTANT_CONVERSION = YES;
				CLANG_WARN_DIRECT_OBJC_ISA_USAGE = YES_ERROR;
				CLANG_WARN_DOCUMENTATION_COMMENTS = YES;
				CLANG_WARN_EMPTY_BODY = YES;
				CLANG_WARN_ENUM_CONVERSION = YES;
				CLANG_WARN_INFINITE_RECURSION = YES;
				CLANG_WARN_INT_CONVERSION = YES;
				CLANG_WARN_OBJC_ROOT_CLASS = YES_ERROR;
				CLANG_WARN_SUSPICIOUS_MOVE = YES;
				CLANG_WARN_SUSPICIOUS_MOVES = YES;
				CLANG_WARN_UNREACHABLE_CODE = YES;
				CLANG_WARN__DUPLICATE_METHOD_MATCH = YES;
				"CODE_SIGN_IDENTITY[sdk=iphoneos*]" = "iPhone Developer";
				COPY_PHASE_STRIP = NO;
				DEBUG_INFORMATION_FORMAT = "dwarf-with-dsym";
				ENABLE_NS_ASSERTIONS = NO;
				ENABLE_STRICT_OBJC_MSGSEND = YES;
				GCC_C_LANGUAGE_STANDARD = gnu99;
				GCC_NO_COMMON_BLOCKS = YES;
				GCC_WARN_64_TO_32_BIT_CONVERSION = YES;
				GCC_WARN_ABOUT_RETURN_TYPE = YES_ERROR;
				GCC_WARN_UNDECLARED_SELECTOR = YES;
				GCC_WARN_UNINITIALIZED_AUTOS = YES_AGGRESSIVE;
				GCC_WARN_UNUSED_FUNCTION = YES;
				GCC_WARN_UNUSED_VARIABLE = YES;
				IPHONEOS_DEPLOYMENT_TARGET = 10.1;
				MTL_ENABLE_DEBUG_INFO = NO;
				SDKROOT = iphoneos;
				SWIFT_OPTIMIZATION_LEVEL = "-Owholemodule";
				VALIDATE_PRODUCT = YES;
			};
			name = Release;
		};
		C4B0C5581F0D7B78004B6923 /* Debug */ = {
			isa = XCBuildConfiguration;
			baseConfigurationReference = 4A13BA0450BDBFA9B9E60769 /* Pods-SkateSpots.debug.xcconfig */;
			buildSettings = {
				ALWAYS_EMBED_SWIFT_STANDARD_LIBRARIES = YES;
				ASSETCATALOG_COMPILER_APPICON_NAME = AppIcon;
				CODE_SIGN_ENTITLEMENTS = SkateSpots/SkateSpots.entitlements;
				DEVELOPMENT_TEAM = Q9BD9AV679;
				INFOPLIST_FILE = SkateSpots/Info.plist;
				LD_RUNPATH_SEARCH_PATHS = "$(inherited) @executable_path/Frameworks";
				PRODUCT_BUNDLE_IDENTIFIER = michaelalexander.SkateSpots;
				PRODUCT_NAME = "$(TARGET_NAME)";
				SWIFT_VERSION = 3.0;
			};
			name = Debug;
		};
		C4B0C5591F0D7B78004B6923 /* Release */ = {
			isa = XCBuildConfiguration;
			baseConfigurationReference = 0638FB33C27D2FF7EC9E4E6A /* Pods-SkateSpots.release.xcconfig */;
			buildSettings = {
				ALWAYS_EMBED_SWIFT_STANDARD_LIBRARIES = YES;
				ASSETCATALOG_COMPILER_APPICON_NAME = AppIcon;
				CODE_SIGN_ENTITLEMENTS = SkateSpots/SkateSpots.entitlements;
				DEVELOPMENT_TEAM = Q9BD9AV679;
				INFOPLIST_FILE = SkateSpots/Info.plist;
				LD_RUNPATH_SEARCH_PATHS = "$(inherited) @executable_path/Frameworks";
				PRODUCT_BUNDLE_IDENTIFIER = michaelalexander.SkateSpots;
				PRODUCT_NAME = "$(TARGET_NAME)";
				SWIFT_VERSION = 3.0;
			};
			name = Release;
		};
/* End XCBuildConfiguration section */

/* Begin XCConfigurationList section */
		C4B0C5401F0D7B78004B6923 /* Build configuration list for PBXProject "SkateSpots" */ = {
			isa = XCConfigurationList;
			buildConfigurations = (
				C4B0C5551F0D7B78004B6923 /* Debug */,
				C4B0C5561F0D7B78004B6923 /* Release */,
			);
			defaultConfigurationIsVisible = 0;
			defaultConfigurationName = Release;
		};
		C4B0C5571F0D7B78004B6923 /* Build configuration list for PBXNativeTarget "SkateSpots" */ = {
			isa = XCConfigurationList;
			buildConfigurations = (
				C4B0C5581F0D7B78004B6923 /* Debug */,
				C4B0C5591F0D7B78004B6923 /* Release */,
			);
			defaultConfigurationIsVisible = 0;
			defaultConfigurationName = Release;
		};
/* End XCConfigurationList section */
	};
	rootObject = C4B0C53D1F0D7B78004B6923 /* Project object */;
}
