PODS:
  - Cosmos (19.0.3)
  - Firebase/Auth (4.3.0):
    - Firebase/Core
    - FirebaseAuth (= 4.2.1)
  - Firebase/Core (4.3.0):
    - FirebaseAnalytics (= 4.0.4)
    - FirebaseCore (= 4.0.8)
  - Firebase/Database (4.3.0):
    - Firebase/Core
    - FirebaseDatabase (= 4.1.0)
  - Firebase/Storage (4.3.0):
    - Firebase/Core
    - FirebaseStorage (= 2.0.2)
  - FirebaseAnalytics (4.0.4):
    - FirebaseCore (~> 4.0)
    - FirebaseInstanceID (~> 2.0)
    - "GoogleToolboxForMac/NSData+zlib (~> 2.1)"
    - nanopb (~> 0.3)
  - FirebaseAuth (4.2.1):
    - FirebaseAnalytics (~> 4.0)
    - "GoogleToolboxForMac/NSDictionary+URLArguments (~> 2.1)"
    - GTMSessionFetcher/Core (~> 1.1)
  - FirebaseCore (4.0.8):
    - "GoogleToolboxForMac/NSData+zlib (~> 2.1)"
    - nanopb (~> 0.3)
  - FirebaseDatabase (4.1.0):
    - FirebaseAnalytics (~> 4.0)
    - FirebaseCore (~> 4.0)
    - leveldb-library (~> 1.18)
  - FirebaseInstanceID (2.0.10):
    - FirebaseCore (~> 4.0)
  - FirebaseMessaging (2.1.0):
    - FirebaseAnalytics (~> 4.0)
    - FirebaseCore (~> 4.0)
    - FirebaseInstanceID (~> 2.0)
    - GoogleToolboxForMac/Logger (~> 2.1)
    - Protobuf (~> 3.1)
  - FirebaseStorage (2.0.2):
    - FirebaseAnalytics (~> 4.0)
    - FirebaseCore (~> 4.0)
    - GTMSessionFetcher/Core (~> 1.1)
  - GeoFire (2.0.1):
    - Firebase/Database (~> 4.0)
  - GoogleToolboxForMac/DebugUtils (2.2.1):
    - GoogleToolboxForMac/Defines (= 2.2.1)
  - GoogleToolboxForMac/Defines (2.2.1)
  - GoogleToolboxForMac/Logger (2.2.1):
    - GoogleToolboxForMac/Defines (= 2.2.1)
  - "GoogleToolboxForMac/NSData+zlib (2.2.1)":
    - GoogleToolboxForMac/Defines (= 2.2.1)
  - "GoogleToolboxForMac/NSDictionary+URLArguments (2.2.1)":
    - GoogleToolboxForMac/DebugUtils (= 2.2.1)
    - GoogleToolboxForMac/Defines (= 2.2.1)
    - "GoogleToolboxForMac/NSString+URLArguments (= 2.2.1)"
  - "GoogleToolboxForMac/NSString+URLArguments (2.2.1)"
  - GTMSessionFetcher/Core (1.2.2)
  - Kingfisher (5.7.1)
  - leveldb-library (1.20)
  - Mapbox-iOS-SDK (3.7.8)
  - MIBadgeButton-Swift (0.5)
  - nanopb (0.3.901):
    - nanopb/decode (= 0.3.901)
    - nanopb/encode (= 0.3.901)
  - nanopb/decode (0.3.901)
  - nanopb/encode (0.3.901)
  - Protobuf (3.9.0)
  - RevealingSplashView (0.6.0)
  - SDWebImage (5.1.0):
    - SDWebImage/Core (= 5.1.0)
  - SDWebImage/Core (5.1.0)
  - SVProgressHUD (2.2.5)
  - SwiftKeychainWrapper (3.4.0)

DEPENDENCIES:
  - Cosmos
  - Firebase/Auth (= 4.3.0)
  - Firebase/Core
  - Firebase/Database (= 4.3.0)
  - Firebase/Storage (= 4.3.0)
  - FirebaseInstanceID
  - FirebaseMessaging
  - GeoFire
  - Kingfisher
  - Mapbox-iOS-SDK (~> 3.7)
  - MIBadgeButton-Swift (from `https://github.com/mustafaibrahim989/MIBadgeButton-Swift.git`, branch `master`)
  - RevealingSplashView
  - SDWebImage
  - SVProgressHUD
  - SwiftKeychainWrapper

SPEC REPOS:
  https://github.com/cocoapods/specs.git:
    - Cosmos
    - Firebase
    - FirebaseAnalytics
    - FirebaseAuth
    - FirebaseCore
    - FirebaseDatabase
    - FirebaseInstanceID
    - FirebaseMessaging
    - FirebaseStorage
    - GeoFire
    - GoogleToolboxForMac
    - GTMSessionFetcher
    - Kingfisher
    - leveldb-library
    - Mapbox-iOS-SDK
    - nanopb
    - Protobuf
    - RevealingSplashView
    - SDWebImage
    - SVProgressHUD
    - SwiftKeychainWrapper

EXTERNAL SOURCES:
  MIBadgeButton-Swift:
    :branch: master
    :git: https://github.com/mustafaibrahim989/MIBadgeButton-Swift.git

CHECKOUT OPTIONS:
  MIBadgeButton-Swift:
    :commit: 3c2638d2e6e46ec2e6dd978d8ada8863df3df5e6
    :git: https://github.com/mustafaibrahim989/MIBadgeButton-Swift.git

SPEC CHECKSUMS:
  Cosmos: a6fb17284281fa12cf4c85c2efecd440a215ec44
  Firebase: 83283761a1ef6dc9846e03d08059f51421afbd65
  FirebaseAnalytics: 722b53c7b32bfc7806b06e0093a2f5180d4f2c5a
  FirebaseAuth: d7f047fbeab98062b98ea933b8d934e0fb1190e2
  FirebaseCore: 69b1a5ac5f857ba6d5fd9d5fe794f4786dd5e579
  FirebaseDatabase: 607284a103e961d7f5863ee603cab5e85f443bd6
  FirebaseInstanceID: 8d20d890d65c917f9f7d9950b6e10a760ad34321
  FirebaseMessaging: 2bafab2d0f3ab3dfd753101c2c32995c2051b5da
  FirebaseStorage: 0cca42d9b889a0227c3a50121f45a4469fc9eb27
  GeoFire: 3e70a24019dc16816190f533c9cac0d1321c4a71
  GoogleToolboxForMac: b3553629623a3b1bff17f555e736cd5a6d95ad55
  GTMSessionFetcher: 61bb0f61a4cb560030f1222021178008a5727a23
  Kingfisher: 176d377ad339113c99ad4980cbae687f807e20fe
  leveldb-library: 08cba283675b7ed2d99629a4bc5fd052cd2bb6a5
  Mapbox-iOS-SDK: a8b55533ef5c5e91b5a26533bd4fb0ec88a3b994
  MIBadgeButton-Swift: 9e57309b00b168d75ca8fecb45bc75124a8ffddf
  nanopb: 2901f78ea1b7b4015c860c2fdd1ea2fee1a18d48
  Protobuf: 1097ca58584c8d9be81bfbf2c5ff5975648dd87a
  RevealingSplashView: 40c5a770894459736acdc95655eeba0dd30ce91c
  SDWebImage: fb387001955223213dde14bc08c8b73f371f8d8f
  SVProgressHUD: 1428aafac632c1f86f62aa4243ec12008d7a51d6
  SwiftKeychainWrapper: 6fc49fbf7d4a6b0772917acb0e53a1639f6078d6

PODFILE CHECKSUM: 16750bb0e0f15e69eb7658b9a2bdc61fee97fe13

COCOAPODS: 1.6.1
